
Microsoft Visual Studio Solution File, Format Version 12.00
# Visual Studio Version 16
VisualStudioVersion = 16.0.33801.447
MinimumVisualStudioVersion = 10.0.40219.1
Project("{FAE04EC0-301F-11D3-BF4B-00C04F79EFBC}") = "PAHost", "PAHost\PAHost.csproj", "{73D68504-3EE0-4BA7-8724-6B823CB50F08}"
EndProject
Project("{FAE04EC0-301F-11D3-BF4B-00C04F79EFBC}") = "PACommon", "PACommon\PACommon.csproj", "{8203F384-8C9A-41AC-86C0-0CF3BD011F51}"
EndProject
Global
	GlobalSection(SolutionConfigurationPlatforms) = preSolution
		Debug|Any CPU = Debug|Any CPU
		Release|Any CPU = Release|Any CPU
	EndGlobalSection
	GlobalSection(ProjectConfigurationPlatforms) = postSolution
		{73D68504-3EE0-4BA7-8724-6B823CB50F08}.Debug|Any CPU.ActiveCfg = Debug|Any CPU
		{73D68504-3EE0-4BA7-8724-6B823CB50F08}.Debug|Any CPU.Build.0 = Debug|Any CPU
		{73D68504-3EE0-4BA7-8724-6B823CB50F08}.Release|Any CPU.ActiveCfg = Release|Any CPU
		{73D68504-3EE0-4BA7-8724-6B823CB50F08}.Release|Any CPU.Build.0 = Release|Any CPU
		{8203F384-8C9A-41AC-86C0-0CF3BD011F51}.Debug|Any CPU.ActiveCfg = Debug|Any CPU
		{8203F384-8C9A-41AC-86C0-0CF3BD011F51}.Debug|Any CPU.Build.0 = Debug|Any CPU
		{8203F384-8C9A-41AC-86C0-0CF3BD011F51}.Release|Any CPU.ActiveCfg = Release|Any CPU
		{8203F384-8C9A-41AC-86C0-0CF3BD011F51}.Release|Any CPU.Build.0 = Release|Any CPU
	EndGlobalSection
	GlobalSection(SolutionProperties) = preSolution
		HideSolutionNode = FALSE
	EndGlobalSection
	GlobalSection(ExtensibilityGlobals) = postSolution
		SolutionGuid = {D88B142F-A5B9-4132-A420-9B4B2F5B23DE}
	EndGlobalSection
EndGlobal
